
Microsoft Visual Studio Solution File, Format Version 12.00
# Visual Studio Version 17
VisualStudioVersion = 17.8.34330.188
MinimumVisualStudioVersion = 10.0.40219.1
Project("{FAE04EC0-301F-11D3-BF4B-00C04F79EFBC}") = "HMS", "HMS\HMS.csproj", "{B1C6A9F8-B891-4C7B-B0D7-7ED9DA2B4D3A}"
EndProject
Global
	GlobalSection(SolutionConfigurationPlatforms) = preSolution
		Debug|Any CPU = Debug|Any CPU
		Release|Any CPU = Release|Any CPU
	EndGlobalSection
	GlobalSection(ProjectConfigurationPlatforms) = postSolution
		{B1C6A9F8-B891-4C7B-B0D7-7ED9DA2B4D3A}.Debug|Any CPU.ActiveCfg = Debug|Any CPU
		{B1C6A9F8-B891-4C7B-B0D7-7ED9DA2B4D3A}.Debug|Any CPU.Build.0 = Debug|Any CPU
		{B1C6A9F8-B891-4C7B-B0D7-7ED9DA2B4D3A}.Release|Any CPU.ActiveCfg = Release|Any CPU
		{B1C6A9F8-B891-4C7B-B0D7-7ED9DA2B4D3A}.Release|Any CPU.Build.0 = Release|Any CPU
	EndGlobalSection
	GlobalSection(SolutionProperties) = preSolution
		HideSolutionNode = FALSE
	EndGlobalSection
	GlobalSection(ExtensibilityGlobals) = postSolution
		SolutionGuid = {02930F5C-742C-48F9-AC3F-47987C4E0D06}
	EndGlobalSection
EndGlobal
